
Microsoft Visual Studio Solution File, Format Version 12.00
# Visual Studio Version 17
VisualStudioVersion = 17.7.34024.191
MinimumVisualStudioVersion = 10.0.40219.1
Project("{FAE04EC0-301F-11D3-BF4B-00C04F79EFBC}") = "LyckySkyscraperDel2", "LyckySkyscraperDel2.csproj", "{583418C7-FCD0-496F-AF18-D4263C3EC69E}"
EndProject
Global
	GlobalSection(SolutionConfigurationPlatforms) = preSolution
		Debug|Any CPU = Debug|Any CPU
		Release|Any CPU = Release|Any CPU
	EndGlobalSection
	GlobalSection(ProjectConfigurationPlatforms) = postSolution
		{583418C7-FCD0-496F-AF18-D4263C3EC69E}.Debug|Any CPU.ActiveCfg = Debug|Any CPU
		{583418C7-FCD0-496F-AF18-D4263C3EC69E}.Debug|Any CPU.Build.0 = Debug|Any CPU
		{583418C7-FCD0-496F-AF18-D4263C3EC69E}.Release|Any CPU.ActiveCfg = Release|Any CPU
		{583418C7-FCD0-496F-AF18-D4263C3EC69E}.Release|Any CPU.Build.0 = Release|Any CPU
	EndGlobalSection
	GlobalSection(SolutionProperties) = preSolution
		HideSolutionNode = FALSE
	EndGlobalSection
	GlobalSection(ExtensibilityGlobals) = postSolution
		SolutionGuid = {EDB14802-73E3-4D5A-B4CC-9BA41DC3B881}
	EndGlobalSection
EndGlobal
